
Microsoft Visual Studio Solution File, Format Version 12.00
# Visual Studio Version 16
VisualStudioVersion = 16.0.32126.315
MinimumVisualStudioVersion = 10.0.40219.1
Project("{FAE04EC0-301F-11D3-BF4B-00C04F79EFBC}") = "BeginningCSharp7_23_1_CodeFirstDatabase", "BeginningCSharp7_23_1_CodeFirstDatabase\BeginningCSharp7_23_1_CodeFirstDatabase.csproj", "{7375CEA0-251F-4F38-8B5A-8A475055CC1C}"
EndProject
Global
	GlobalSection(SolutionConfigurationPlatforms) = preSolution
		Debug|Any CPU = Debug|Any CPU
		Release|Any CPU = Release|Any CPU
	EndGlobalSection
	GlobalSection(ProjectConfigurationPlatforms) = postSolution
		{7375CEA0-251F-4F38-8B5A-8A475055CC1C}.Debug|Any CPU.ActiveCfg = Debug|Any CPU
		{7375CEA0-251F-4F38-8B5A-8A475055CC1C}.Debug|Any CPU.Build.0 = Debug|Any CPU
		{7375CEA0-251F-4F38-8B5A-8A475055CC1C}.Release|Any CPU.ActiveCfg = Release|Any CPU
		{7375CEA0-251F-4F38-8B5A-8A475055CC1C}.Release|Any CPU.Build.0 = Release|Any CPU
	EndGlobalSection
	GlobalSection(SolutionProperties) = preSolution
		HideSolutionNode = FALSE
	EndGlobalSection
	GlobalSection(ExtensibilityGlobals) = postSolution
		SolutionGuid = {3B32487F-0A99-4DD5-A498-B9313F44F3CD}
	EndGlobalSection
EndGlobal
